
Microsoft Visual Studio Solution File, Format Version 12.00
# Visual Studio Version 16
VisualStudioVersion = 16.0.31515.178
MinimumVisualStudioVersion = 10.0.40219.1
Project("{9A19103F-16F7-4668-BE54-9A1E7A4F7556}") = "ProgrammersBlog.Shared", "ProgrammersBlog.Shared\ProgrammersBlog.Shared.csproj", "{65E53029-BA22-4CCF-8D6C-2F8B368F2AEC}"
EndProject
Project("{9A19103F-16F7-4668-BE54-9A1E7A4F7556}") = "ProgrammersBlog.Entities", "ProgrammersBlog.Entities\ProgrammersBlog.Entities.csproj", "{73F25FA0-E5DA-42E0-8E20-EC1BF693D9D2}"
EndProject
Project("{9A19103F-16F7-4668-BE54-9A1E7A4F7556}") = "ProgrammersBlog.Data", "ProgrammersBlog.Data\ProgrammersBlog.Data.csproj", "{A762C9DA-9566-4085-AE0B-5BEE73C10518}"
EndProject
Project("{9A19103F-16F7-4668-BE54-9A1E7A4F7556}") = "ProgrammersBlog.Services", "ProgrammersBlog.Services\ProgrammersBlog.Services.csproj", "{41D2B676-B0D8-4323-84C3-02AECCA08B39}"
EndProject
Project("{9A19103F-16F7-4668-BE54-9A1E7A4F7556}") = "ProgrammersBlog.Mvc", "ProgrammersBlog.Mvc\ProgrammersBlog.Mvc.csproj", "{00E00F30-ED56-4355-A622-EE7EC9C4512B}"
EndProject
Project("{FAE04EC0-301F-11D3-BF4B-00C04F79EFBC}") = "Draft", "Draft\Draft.csproj", "{5B55E063-AD42-4207-A9C0-9F66695B2E5F}"
EndProject
Global
	GlobalSection(SolutionConfigurationPlatforms) = preSolution
		Debug|Any CPU = Debug|Any CPU
		Release|Any CPU = Release|Any CPU
	EndGlobalSection
	GlobalSection(ProjectConfigurationPlatforms) = postSolution
		{65E53029-BA22-4CCF-8D6C-2F8B368F2AEC}.Debug|Any CPU.ActiveCfg = Debug|Any CPU
		{65E53029-BA22-4CCF-8D6C-2F8B368F2AEC}.Debug|Any CPU.Build.0 = Debug|Any CPU
		{65E53029-BA22-4CCF-8D6C-2F8B368F2AEC}.Release|Any CPU.ActiveCfg = Release|Any CPU
		{65E53029-BA22-4CCF-8D6C-2F8B368F2AEC}.Release|Any CPU.Build.0 = Release|Any CPU
		{73F25FA0-E5DA-42E0-8E20-EC1BF693D9D2}.Debug|Any CPU.ActiveCfg = Debug|Any CPU
		{73F25FA0-E5DA-42E0-8E20-EC1BF693D9D2}.Debug|Any CPU.Build.0 = Debug|Any CPU
		{73F25FA0-E5DA-42E0-8E20-EC1BF693D9D2}.Release|Any CPU.ActiveCfg = Release|Any CPU
		{73F25FA0-E5DA-42E0-8E20-EC1BF693D9D2}.Release|Any CPU.Build.0 = Release|Any CPU
		{A762C9DA-9566-4085-AE0B-5BEE73C10518}.Debug|Any CPU.ActiveCfg = Debug|Any CPU
		{A762C9DA-9566-4085-AE0B-5BEE73C10518}.Debug|Any CPU.Build.0 = Debug|Any CPU
		{A762C9DA-9566-4085-AE0B-5BEE73C10518}.Release|Any CPU.ActiveCfg = Release|Any CPU
		{A762C9DA-9566-4085-AE0B-5BEE73C10518}.Release|Any CPU.Build.0 = Release|Any CPU
		{41D2B676-B0D8-4323-84C3-02AECCA08B39}.Debug|Any CPU.ActiveCfg = Debug|Any CPU
		{41D2B676-B0D8-4323-84C3-02AECCA08B39}.Debug|Any CPU.Build.0 = Debug|Any CPU
		{41D2B676-B0D8-4323-84C3-02AECCA08B39}.Release|Any CPU.ActiveCfg = Release|Any CPU
		{41D2B676-B0D8-4323-84C3-02AECCA08B39}.Release|Any CPU.Build.0 = Release|Any CPU
		{00E00F30-ED56-4355-A622-EE7EC9C4512B}.Debug|Any CPU.ActiveCfg = Debug|Any CPU
		{00E00F30-ED56-4355-A622-EE7EC9C4512B}.Debug|Any CPU.Build.0 = Debug|Any CPU
		{00E00F30-ED56-4355-A622-EE7EC9C4512B}.Release|Any CPU.ActiveCfg = Release|Any CPU
		{00E00F30-ED56-4355-A622-EE7EC9C4512B}.Release|Any CPU.Build.0 = Release|Any CPU
		{5B55E063-AD42-4207-A9C0-9F66695B2E5F}.Debug|Any CPU.ActiveCfg = Debug|Any CPU
		{5B55E063-AD42-4207-A9C0-9F66695B2E5F}.Debug|Any CPU.Build.0 = Debug|Any CPU
		{5B55E063-AD42-4207-A9C0-9F66695B2E5F}.Release|Any CPU.ActiveCfg = Release|Any CPU
		{5B55E063-AD42-4207-A9C0-9F66695B2E5F}.Release|Any CPU.Build.0 = Release|Any CPU
	EndGlobalSection
	GlobalSection(SolutionProperties) = preSolution
		HideSolutionNode = FALSE
	EndGlobalSection
	GlobalSection(ExtensibilityGlobals) = postSolution
		SolutionGuid = {D2FE2908-D536-43E8-871A-A46F8D9C981A}
	EndGlobalSection
EndGlobal
